
Microsoft Visual Studio Solution File, Format Version 12.00
# Visual Studio Version 16
VisualStudioVersion = 16.0.31229.75
MinimumVisualStudioVersion = 10.0.40219.1
Project("{8BC9CEB8-8B4A-11D0-8D11-00A0C91BC942}") = "print", "print.vcxproj", "{74E901D7-70BC-4A8E-895B-0E8F2504713D}"
EndProject
Global
	GlobalSection(SolutionConfigurationPlatforms) = preSolution
		Debug|x86 = Debug|x86
		Release|x86 = Release|x86
	EndGlobalSection
	GlobalSection(ProjectConfigurationPlatforms) = postSolution
		{74E901D7-70BC-4A8E-895B-0E8F2504713D}.Debug|x86.ActiveCfg = Debug|Win32
		{74E901D7-70BC-4A8E-895B-0E8F2504713D}.Debug|x86.Build.0 = Debug|Win32
		{74E901D7-70BC-4A8E-895B-0E8F2504713D}.Release|x86.ActiveCfg = Release|Win32
		{74E901D7-70BC-4A8E-895B-0E8F2504713D}.Release|x86.Build.0 = Release|Win32
	EndGlobalSection
	GlobalSection(SolutionProperties) = preSolution
		HideSolutionNode = FALSE
	EndGlobalSection
	GlobalSection(ExtensibilityGlobals) = postSolution
		SolutionGuid = {61480A2A-8817-45D7-9E6E-E0220F338A87}
	EndGlobalSection
EndGlobal
