<?xml version="1.0" encoding="utf-8"?>
<Project ToolsVersion="4.0" xmlns="http://schemas.microsoft.com/developer/msbuild/2003">
  <ItemGroup>
    <Filter Include="Source Files">
      <UniqueIdentifier>{9fb8a866-63ee-4686-899c-597ef4ccf09a}</UniqueIdentifier>
      <Extensions>cpp;c;cxx;rc;def;r;odl;idl;hpj;bat</Extensions>
    </Filter>
    <Filter Include="Header Files">
      <UniqueIdentifier>{71e6a3a6-0a09-45d5-8249-4175d7c0c227}</UniqueIdentifier>
      <Extensions>h;hpp;hxx;hm;inl</Extensions>
    </Filter>
    <Filter Include="Resource Files">
      <UniqueIdentifier>{d6a4f1f1-bf21-4957-8a94-f264e055bf7e}</UniqueIdentifier>
      <Extensions>ico;cur;bmp;dlg;rc2;rct;bin;rgs;gif;jpg;jpeg;jpe</Extensions>
    </Filter>
  </ItemGroup>
  <ItemGroup>
    <ClCompile Include="gfx_printjob.cpp">
      <Filter>Source Files</Filter>
    </ClCompile>
    <ClCompile Include="gfx_printunit.cpp">
      <Filter>Source Files</Filter>
    </ClCompile>
    <ClCompile Include="print.cpp">
      <Filter>Source Files</Filter>
    </ClCompile>
    <ClCompile Include="printDlg.cpp">
      <Filter>Source Files</Filter>
    </ClCompile>
    <ClCompile Include="StdAfx.cpp">
      <Filter>Source Files</Filter>
    </ClCompile>
    <ClCompile Include="unit_headerpage.cpp">
      <Filter>Source Files</Filter>
    </ClCompile>
    <ClCompile Include="unit_indexpage.cpp">
      <Filter>Source Files</Filter>
    </ClCompile>
    <ClCompile Include="unit_table1.cpp">
      <Filter>Source Files</Filter>
    </ClCompile>
    <ClCompile Include="unit_table2.cpp">
      <Filter>Source Files</Filter>
    </ClCompile>
    <ClCompile Include="unit_table3.cpp">
      <Filter>Source Files</Filter>
    </ClCompile>
  </ItemGroup>
  <ItemGroup>
    <ResourceCompile Include="print.rc">
      <Filter>Source Files</Filter>
    </ResourceCompile>
  </ItemGroup>
  <ItemGroup>
    <ClInclude Include="gfx_printjob.h">
      <Filter>Header Files</Filter>
    </ClInclude>
    <ClInclude Include="gfx_printunit.h">
      <Filter>Header Files</Filter>
    </ClInclude>
    <ClInclude Include="print.h">
      <Filter>Header Files</Filter>
    </ClInclude>
    <ClInclude Include="printDlg.h">
      <Filter>Header Files</Filter>
    </ClInclude>
    <ClInclude Include="Resource.h">
      <Filter>Header Files</Filter>
    </ClInclude>
    <ClInclude Include="StdAfx.h">
      <Filter>Header Files</Filter>
    </ClInclude>
    <ClInclude Include="unit_headerpage.h">
      <Filter>Header Files</Filter>
    </ClInclude>
    <ClInclude Include="unit_indexpage.h">
      <Filter>Header Files</Filter>
    </ClInclude>
    <ClInclude Include="unit_table1.h">
      <Filter>Header Files</Filter>
    </ClInclude>
  </ItemGroup>
  <ItemGroup>
    <Image Include="res\print.ico">
      <Filter>Resource Files</Filter>
    </Image>
  </ItemGroup>
  <ItemGroup>
    <Text Include="ReadMe.txt" />
  </ItemGroup>
  <ItemGroup>
    <CustomBuild Include="res\print.rc2">
      <Filter>Resource Files</Filter>
    </CustomBuild>
  </ItemGroup>
</Project>